
Microsoft Visual Studio Solution File, Format Version 12.00
# Visual Studio 15
VisualStudioVersion = 15.0.28307.421
MinimumVisualStudioVersion = 10.0.40219.1
Project("{FAE04EC0-301F-11D3-BF4B-00C04F79EFBC}") = "XamarinTest.Android", "XamarinTest\XamarinTest.Android\XamarinTest.Android.csproj", "{7E2C4F88-D17E-4FB8-AE6D-397D2EB5E28E}"
EndProject
Project("{FAE04EC0-301F-11D3-BF4B-00C04F79EFBC}") = "XamarinTest.iOS", "XamarinTest\XamarinTest.iOS\XamarinTest.iOS.csproj", "{6AF72F6B-83A5-4057-8713-E1158F87A075}"
EndProject
Project("{FAE04EC0-301F-11D3-BF4B-00C04F79EFBC}") = "XamarinTest.UWP", "XamarinTest\XamarinTest.UWP\XamarinTest.UWP.csproj", "{023F723A-204A-40C1-A2E1-46D1F43400B7}"
EndProject
Project("{FAE04EC0-301F-11D3-BF4B-00C04F79EFBC}") = "XamarinTest", "XamarinTest\XamarinTest\XamarinTest.csproj", "{DA2EA81B-95FC-4EE4-A931-EC1CC96DF0E7}"
EndProject
Global
	GlobalSection(SolutionConfigurationPlatforms) = preSolution
		Debug|Any CPU = Debug|Any CPU
		Debug|ARM = Debug|ARM
		Debug|iPhone = Debug|iPhone
		Debug|iPhoneSimulator = Debug|iPhoneSimulator
		Debug|x64 = Debug|x64
		Debug|x86 = Debug|x86
		Release|Any CPU = Release|Any CPU
		Release|ARM = Release|ARM
		Release|iPhone = Release|iPhone
		Release|iPhoneSimulator = Release|iPhoneSimulator
		Release|x64 = Release|x64
		Release|x86 = Release|x86
	EndGlobalSection
	GlobalSection(ProjectConfigurationPlatforms) = postSolution
		{7E2C4F88-D17E-4FB8-AE6D-397D2EB5E28E}.Debug|Any CPU.ActiveCfg = Debug|Any CPU
		{7E2C4F88-D17E-4FB8-AE6D-397D2EB5E28E}.Debug|Any CPU.Build.0 = Debug|Any CPU
		{7E2C4F88-D17E-4FB8-AE6D-397D2EB5E28E}.Debug|Any CPU.Deploy.0 = Debug|Any CPU
		{7E2C4F88-D17E-4FB8-AE6D-397D2EB5E28E}.Debug|ARM.ActiveCfg = Debug|Any CPU
		{7E2C4F88-D17E-4FB8-AE6D-397D2EB5E28E}.Debug|ARM.Build.0 = Debug|Any CPU
		{7E2C4F88-D17E-4FB8-AE6D-397D2EB5E28E}.Debug|ARM.Deploy.0 = Debug|Any CPU
		{7E2C4F88-D17E-4FB8-AE6D-397D2EB5E28E}.Debug|iPhone.ActiveCfg = Debug|Any CPU
		{7E2C4F88-D17E-4FB8-AE6D-397D2EB5E28E}.Debug|iPhone.Build.0 = Debug|Any CPU
		{7E2C4F88-D17E-4FB8-AE6D-397D2EB5E28E}.Debug|iPhone.Deploy.0 = Debug|Any CPU
		{7E2C4F88-D17E-4FB8-AE6D-397D2EB5E28E}.Debug|iPhoneSimulator.ActiveCfg = Debug|Any CPU
		{7E2C4F88-D17E-4FB8-AE6D-397D2EB5E28E}.Debug|iPhoneSimulator.Build.0 = Debug|Any CPU
		{7E2C4F88-D17E-4FB8-AE6D-397D2EB5E28E}.Debug|iPhoneSimulator.Deploy.0 = Debug|Any CPU
		{7E2C4F88-D17E-4FB8-AE6D-397D2EB5E28E}.Debug|x64.ActiveCfg = Debug|Any CPU
		{7E2C4F88-D17E-4FB8-AE6D-397D2EB5E28E}.Debug|x64.Build.0 = Debug|Any CPU
		{7E2C4F88-D17E-4FB8-AE6D-397D2EB5E28E}.Debug|x64.Deploy.0 = Debug|Any CPU
		{7E2C4F88-D17E-4FB8-AE6D-397D2EB5E28E}.Debug|x86.ActiveCfg = Debug|Any CPU
		{7E2C4F88-D17E-4FB8-AE6D-397D2EB5E28E}.Debug|x86.Build.0 = Debug|Any CPU
		{7E2C4F88-D17E-4FB8-AE6D-397D2EB5E28E}.Debug|x86.Deploy.0 = Debug|Any CPU
		{7E2C4F88-D17E-4FB8-AE6D-397D2EB5E28E}.Release|Any CPU.ActiveCfg = Release|Any CPU
		{7E2C4F88-D17E-4FB8-AE6D-397D2EB5E28E}.Release|Any CPU.Build.0 = Release|Any CPU
		{7E2C4F88-D17E-4FB8-AE6D-397D2EB5E28E}.Release|Any CPU.Deploy.0 = Release|Any CPU
		{7E2C4F88-D17E-4FB8-AE6D-397D2EB5E28E}.Release|ARM.ActiveCfg = Release|Any CPU
		{7E2C4F88-D17E-4FB8-AE6D-397D2EB5E28E}.Release|ARM.Build.0 = Release|Any CPU
		{7E2C4F88-D17E-4FB8-AE6D-397D2EB5E28E}.Release|ARM.Deploy.0 = Release|Any CPU
		{7E2C4F88-D17E-4FB8-AE6D-397D2EB5E28E}.Release|iPhone.ActiveCfg = Release|Any CPU
		{7E2C4F88-D17E-4FB8-AE6D-397D2EB5E28E}.Release|iPhone.Build.0 = Release|Any CPU
		{7E2C4F88-D17E-4FB8-AE6D-397D2EB5E28E}.Release|iPhone.Deploy.0 = Release|Any CPU
		{7E2C4F88-D17E-4FB8-AE6D-397D2EB5E28E}.Release|iPhoneSimulator.ActiveCfg = Release|Any CPU
		{7E2C4F88-D17E-4FB8-AE6D-397D2EB5E28E}.Release|iPhoneSimulator.Build.0 = Release|Any CPU
		{7E2C4F88-D17E-4FB8-AE6D-397D2EB5E28E}.Release|iPhoneSimulator.Deploy.0 = Release|Any CPU
		{7E2C4F88-D17E-4FB8-AE6D-397D2EB5E28E}.Release|x64.ActiveCfg = Release|Any CPU
		{7E2C4F88-D17E-4FB8-AE6D-397D2EB5E28E}.Release|x64.Build.0 = Release|Any CPU
		{7E2C4F88-D17E-4FB8-AE6D-397D2EB5E28E}.Release|x64.Deploy.0 = Release|Any CPU
		{7E2C4F88-D17E-4FB8-AE6D-397D2EB5E28E}.Release|x86.ActiveCfg = Release|Any CPU
		{7E2C4F88-D17E-4FB8-AE6D-397D2EB5E28E}.Release|x86.Build.0 = Release|Any CPU
		{7E2C4F88-D17E-4FB8-AE6D-397D2EB5E28E}.Release|x86.Deploy.0 = Release|Any CPU
		{6AF72F6B-83A5-4057-8713-E1158F87A075}.Debug|Any CPU.ActiveCfg = Debug|iPhoneSimulator
		{6AF72F6B-83A5-4057-8713-E1158F87A075}.Debug|Any CPU.Build.0 = Debug|iPhoneSimulator
		{6AF72F6B-83A5-4057-8713-E1158F87A075}.Debug|Any CPU.Deploy.0 = Debug|iPhoneSimulator
		{6AF72F6B-83A5-4057-8713-E1158F87A075}.Debug|ARM.ActiveCfg = Debug|iPhone
		{6AF72F6B-83A5-4057-8713-E1158F87A075}.Debug|ARM.Build.0 = Debug|iPhone
		{6AF72F6B-83A5-4057-8713-E1158F87A075}.Debug|ARM.Deploy.0 = Debug|iPhone
		{6AF72F6B-83A5-4057-8713-E1158F87A075}.Debug|iPhone.ActiveCfg = Debug|iPhone
		{6AF72F6B-83A5-4057-8713-E1158F87A075}.Debug|iPhone.Build.0 = Debug|iPhone
		{6AF72F6B-83A5-4057-8713-E1158F87A075}.Debug|iPhone.Deploy.0 = Debug|iPhone
		{6AF72F6B-83A5-4057-8713-E1158F87A075}.Debug|iPhoneSimulator.ActiveCfg = Debug|iPhoneSimulator
		{6AF72F6B-83A5-4057-8713-E1158F87A075}.Debug|iPhoneSimulator.Build.0 = Debug|iPhoneSimulator
		{6AF72F6B-83A5-4057-8713-E1158F87A075}.Debug|iPhoneSimulator.Deploy.0 = Debug|iPhoneSimulator
		{6AF72F6B-83A5-4057-8713-E1158F87A075}.Debug|x64.ActiveCfg = Debug|iPhone
		{6AF72F6B-83A5-4057-8713-E1158F87A075}.Debug|x64.Build.0 = Debug|iPhone
		{6AF72F6B-83A5-4057-8713-E1158F87A075}.Debug|x64.Deploy.0 = Debug|iPhone
		{6AF72F6B-83A5-4057-8713-E1158F87A075}.Debug|x86.ActiveCfg = Debug|iPhone
		{6AF72F6B-83A5-4057-8713-E1158F87A075}.Debug|x86.Build.0 = Debug|iPhone
		{6AF72F6B-83A5-4057-8713-E1158F87A075}.Debug|x86.Deploy.0 = Debug|iPhone
		{6AF72F6B-83A5-4057-8713-E1158F87A075}.Release|Any CPU.ActiveCfg = Release|iPhone
		{6AF72F6B-83A5-4057-8713-E1158F87A075}.Release|Any CPU.Build.0 = Release|iPhone
		{6AF72F6B-83A5-4057-8713-E1158F87A075}.Release|Any CPU.Deploy.0 = Release|iPhone
		{6AF72F6B-83A5-4057-8713-E1158F87A075}.Release|ARM.ActiveCfg = Release|iPhone
		{6AF72F6B-83A5-4057-8713-E1158F87A075}.Release|ARM.Build.0 = Release|iPhone
		{6AF72F6B-83A5-4057-8713-E1158F87A075}.Release|ARM.Deploy.0 = Release|iPhone
		{6AF72F6B-83A5-4057-8713-E1158F87A075}.Release|iPhone.ActiveCfg = Release|iPhone
		{6AF72F6B-83A5-4057-8713-E1158F87A075}.Release|iPhone.Build.0 = Release|iPhone
		{6AF72F6B-83A5-4057-8713-E1158F87A075}.Release|iPhone.Deploy.0 = Release|iPhone
		{6AF72F6B-83A5-4057-8713-E1158F87A075}.Release|iPhoneSimulator.ActiveCfg = Release|iPhoneSimulator
		{6AF72F6B-83A5-4057-8713-E1158F87A075}.Release|iPhoneSimulator.Build.0 = Release|iPhoneSimulator
		{6AF72F6B-83A5-4057-8713-E1158F87A075}.Release|iPhoneSimulator.Deploy.0 = Release|iPhoneSimulator
		{6AF72F6B-83A5-4057-8713-E1158F87A075}.Release|x64.ActiveCfg = Release|iPhone
		{6AF72F6B-83A5-4057-8713-E1158F87A075}.Release|x64.Build.0 = Release|iPhone
		{6AF72F6B-83A5-4057-8713-E1158F87A075}.Release|x64.Deploy.0 = Release|iPhone
		{6AF72F6B-83A5-4057-8713-E1158F87A075}.Release|x86.ActiveCfg = Release|iPhone
		{6AF72F6B-83A5-4057-8713-E1158F87A075}.Release|x86.Build.0 = Release|iPhone
		{6AF72F6B-83A5-4057-8713-E1158F87A075}.Release|x86.Deploy.0 = Release|iPhone
		{023F723A-204A-40C1-A2E1-46D1F43400B7}.Debug|Any CPU.ActiveCfg = Debug|x86
		{023F723A-204A-40C1-A2E1-46D1F43400B7}.Debug|Any CPU.Build.0 = Debug|x86
		{023F723A-204A-40C1-A2E1-46D1F43400B7}.Debug|Any CPU.Deploy.0 = Debug|x86
		{023F723A-204A-40C1-A2E1-46D1F43400B7}.Debug|ARM.ActiveCfg = Debug|ARM
		{023F723A-204A-40C1-A2E1-46D1F43400B7}.Debug|ARM.Build.0 = Debug|ARM
		{023F723A-204A-40C1-A2E1-46D1F43400B7}.Debug|ARM.Deploy.0 = Debug|ARM
		{023F723A-204A-40C1-A2E1-46D1F43400B7}.Debug|iPhone.ActiveCfg = Debug|x86
		{023F723A-204A-40C1-A2E1-46D1F43400B7}.Debug|iPhone.Build.0 = Debug|x86
		{023F723A-204A-40C1-A2E1-46D1F43400B7}.Debug|iPhone.Deploy.0 = Debug|x86
		{023F723A-204A-40C1-A2E1-46D1F43400B7}.Debug|iPhoneSimulator.ActiveCfg = Debug|x86
		{023F723A-204A-40C1-A2E1-46D1F43400B7}.Debug|iPhoneSimulator.Build.0 = Debug|x86
		{023F723A-204A-40C1-A2E1-46D1F43400B7}.Debug|iPhoneSimulator.Deploy.0 = Debug|x86
		{023F723A-204A-40C1-A2E1-46D1F43400B7}.Debug|x64.ActiveCfg = Debug|x64
		{023F723A-204A-40C1-A2E1-46D1F43400B7}.Debug|x64.Build.0 = Debug|x64
		{023F723A-204A-40C1-A2E1-46D1F43400B7}.Debug|x64.Deploy.0 = Debug|x64
		{023F723A-204A-40C1-A2E1-46D1F43400B7}.Debug|x86.ActiveCfg = Debug|x86
		{023F723A-204A-40C1-A2E1-46D1F43400B7}.Debug|x86.Build.0 = Debug|x86
		{023F723A-204A-40C1-A2E1-46D1F43400B7}.Debug|x86.Deploy.0 = Debug|x86
		{023F723A-204A-40C1-A2E1-46D1F43400B7}.Release|Any CPU.ActiveCfg = Release|x86
		{023F723A-204A-40C1-A2E1-46D1F43400B7}.Release|Any CPU.Build.0 = Release|x86
		{023F723A-204A-40C1-A2E1-46D1F43400B7}.Release|Any CPU.Deploy.0 = Release|x86
		{023F723A-204A-40C1-A2E1-46D1F43400B7}.Release|ARM.ActiveCfg = Release|ARM
		{023F723A-204A-40C1-A2E1-46D1F43400B7}.Release|ARM.Build.0 = Release|ARM
		{023F723A-204A-40C1-A2E1-46D1F43400B7}.Release|ARM.Deploy.0 = Release|ARM
		{023F723A-204A-40C1-A2E1-46D1F43400B7}.Release|iPhone.ActiveCfg = Release|x86
		{023F723A-204A-40C1-A2E1-46D1F43400B7}.Release|iPhone.Build.0 = Release|x86
		{023F723A-204A-40C1-A2E1-46D1F43400B7}.Release|iPhone.Deploy.0 = Release|x86
		{023F723A-204A-40C1-A2E1-46D1F43400B7}.Release|iPhoneSimulator.ActiveCfg = Release|x86
		{023F723A-204A-40C1-A2E1-46D1F43400B7}.Release|iPhoneSimulator.Build.0 = Release|x86
		{023F723A-204A-40C1-A2E1-46D1F43400B7}.Release|iPhoneSimulator.Deploy.0 = Release|x86
		{023F723A-204A-40C1-A2E1-46D1F43400B7}.Release|x64.ActiveCfg = Release|x64
		{023F723A-204A-40C1-A2E1-46D1F43400B7}.Release|x64.Build.0 = Release|x64
		{023F723A-204A-40C1-A2E1-46D1F43400B7}.Release|x64.Deploy.0 = Release|x64
		{023F723A-204A-40C1-A2E1-46D1F43400B7}.Release|x86.ActiveCfg = Release|x86
		{023F723A-204A-40C1-A2E1-46D1F43400B7}.Release|x86.Build.0 = Release|x86
		{023F723A-204A-40C1-A2E1-46D1F43400B7}.Release|x86.Deploy.0 = Release|x86
		{DA2EA81B-95FC-4EE4-A931-EC1CC96DF0E7}.Debug|Any CPU.ActiveCfg = Debug|Any CPU
		{DA2EA81B-95FC-4EE4-A931-EC1CC96DF0E7}.Debug|Any CPU.Build.0 = Debug|Any CPU
		{DA2EA81B-95FC-4EE4-A931-EC1CC96DF0E7}.Debug|Any CPU.Deploy.0 = Debug|Any CPU
		{DA2EA81B-95FC-4EE4-A931-EC1CC96DF0E7}.Debug|ARM.ActiveCfg = Debug|Any CPU
		{DA2EA81B-95FC-4EE4-A931-EC1CC96DF0E7}.Debug|ARM.Build.0 = Debug|Any CPU
		{DA2EA81B-95FC-4EE4-A931-EC1CC96DF0E7}.Debug|ARM.Deploy.0 = Debug|Any CPU
		{DA2EA81B-95FC-4EE4-A931-EC1CC96DF0E7}.Debug|iPhone.ActiveCfg = Debug|Any CPU
		{DA2EA81B-95FC-4EE4-A931-EC1CC96DF0E7}.Debug|iPhone.Build.0 = Debug|Any CPU
		{DA2EA81B-95FC-4EE4-A931-EC1CC96DF0E7}.Debug|iPhone.Deploy.0 = Debug|Any CPU
		{DA2EA81B-95FC-4EE4-A931-EC1CC96DF0E7}.Debug|iPhoneSimulator.ActiveCfg = Debug|Any CPU
		{DA2EA81B-95FC-4EE4-A931-EC1CC96DF0E7}.Debug|iPhoneSimulator.Build.0 = Debug|Any CPU
		{DA2EA81B-95FC-4EE4-A931-EC1CC96DF0E7}.Debug|iPhoneSimulator.Deploy.0 = Debug|Any CPU
		{DA2EA81B-95FC-4EE4-A931-EC1CC96DF0E7}.Debug|x64.ActiveCfg = Debug|Any CPU
		{DA2EA81B-95FC-4EE4-A931-EC1CC96DF0E7}.Debug|x64.Build.0 = Debug|Any CPU
		{DA2EA81B-95FC-4EE4-A931-EC1CC96DF0E7}.Debug|x64.Deploy.0 = Debug|Any CPU
		{DA2EA81B-95FC-4EE4-A931-EC1CC96DF0E7}.Debug|x86.ActiveCfg = Debug|Any CPU
		{DA2EA81B-95FC-4EE4-A931-EC1CC96DF0E7}.Debug|x86.Build.0 = Debug|Any CPU
		{DA2EA81B-95FC-4EE4-A931-EC1CC96DF0E7}.Debug|x86.Deploy.0 = Debug|Any CPU
		{DA2EA81B-95FC-4EE4-A931-EC1CC96DF0E7}.Release|Any CPU.ActiveCfg = Release|Any CPU
		{DA2EA81B-95FC-4EE4-A931-EC1CC96DF0E7}.Release|Any CPU.Build.0 = Release|Any CPU
		{DA2EA81B-95FC-4EE4-A931-EC1CC96DF0E7}.Release|Any CPU.Deploy.0 = Release|Any CPU
		{DA2EA81B-95FC-4EE4-A931-EC1CC96DF0E7}.Release|ARM.ActiveCfg = Release|Any CPU
		{DA2EA81B-95FC-4EE4-A931-EC1CC96DF0E7}.Release|ARM.Build.0 = Release|Any CPU
		{DA2EA81B-95FC-4EE4-A931-EC1CC96DF0E7}.Release|ARM.Deploy.0 = Release|Any CPU
		{DA2EA81B-95FC-4EE4-A931-EC1CC96DF0E7}.Release|iPhone.ActiveCfg = Release|Any CPU
		{DA2EA81B-95FC-4EE4-A931-EC1CC96DF0E7}.Release|iPhone.Build.0 = Release|Any CPU
		{DA2EA81B-95FC-4EE4-A931-EC1CC96DF0E7}.Release|iPhone.Deploy.0 = Release|Any CPU
		{DA2EA81B-95FC-4EE4-A931-EC1CC96DF0E7}.Release|iPhoneSimulator.ActiveCfg = Release|Any CPU
		{DA2EA81B-95FC-4EE4-A931-EC1CC96DF0E7}.Release|iPhoneSimulator.Build.0 = Release|Any CPU
		{DA2EA81B-95FC-4EE4-A931-EC1CC96DF0E7}.Release|iPhoneSimulator.Deploy.0 = Release|Any CPU
		{DA2EA81B-95FC-4EE4-A931-EC1CC96DF0E7}.Release|x64.ActiveCfg = Release|Any CPU
		{DA2EA81B-95FC-4EE4-A931-EC1CC96DF0E7}.Release|x64.Build.0 = Release|Any CPU
		{DA2EA81B-95FC-4EE4-A931-EC1CC96DF0E7}.Release|x64.Deploy.0 = Release|Any CPU
		{DA2EA81B-95FC-4EE4-A931-EC1CC96DF0E7}.Release|x86.ActiveCfg = Release|Any CPU
		{DA2EA81B-95FC-4EE4-A931-EC1CC96DF0E7}.Release|x86.Build.0 = Release|Any CPU
		{DA2EA81B-95FC-4EE4-A931-EC1CC96DF0E7}.Release|x86.Deploy.0 = Release|Any CPU
	EndGlobalSection
	GlobalSection(SolutionProperties) = preSolution
		HideSolutionNode = FALSE
	EndGlobalSection
	GlobalSection(ExtensibilityGlobals) = postSolution
		SolutionGuid = {F9DFAE9D-2AED-467A-B5B3-87AF224A4C1A}
	EndGlobalSection
EndGlobal
